// !$*UTF8*$!
{
	archiveVersion = 1;
	classes = {
	};
	objectVersion = 50;
	objects = {

/* Begin PBXBuildFile section */
		FB31237524BE022900E234DC /* NetworkManager.swift in Sources */ = {isa = PBXBuildFile; fileRef = FB31237424BE022900E234DC /* NetworkManager.swift */; };
		FB43DFC124BCBF6F00936FD4 /* Follower.swift in Sources */ = {isa = PBXBuildFile; fileRef = FB43DFC024BCBF6F00936FD4 /* Follower.swift */; };
		FB43DFC324BCBFAE00936FD4 /* User.swift in Sources */ = {isa = PBXBuildFile; fileRef = FB43DFC224BCBFAE00936FD4 /* User.swift */; };
		FB49E13F24B6256200463B32 /* GFButton.swift in Sources */ = {isa = PBXBuildFile; fileRef = FB49E13E24B6256200463B32 /* GFButton.swift */; };
		FB49F28124B3958400DD49EE /* AppDelegate.swift in Sources */ = {isa = PBXBuildFile; fileRef = FB49F28024B3958400DD49EE /* AppDelegate.swift */; };
		FB49F28324B3958400DD49EE /* SceneDelegate.swift in Sources */ = {isa = PBXBuildFile; fileRef = FB49F28224B3958400DD49EE /* SceneDelegate.swift */; };
		FB49F28A24B3958800DD49EE /* Assets.xcassets in Resources */ = {isa = PBXBuildFile; fileRef = FB49F28924B3958800DD49EE /* Assets.xcassets */; };
		FB49F28D24B3958800DD49EE /* LaunchScreen.storyboard in Resources */ = {isa = PBXBuildFile; fileRef = FB49F28B24B3958800DD49EE /* LaunchScreen.storyboard */; };
		FB49F29924B49E0B00DD49EE /* SearchVC.swift in Sources */ = {isa = PBXBuildFile; fileRef = FB49F29824B49E0B00DD49EE /* SearchVC.swift */; };
		FB49F29B24B49E4B00DD49EE /* FavoritesListVC.swift in Sources */ = {isa = PBXBuildFile; fileRef = FB49F29A24B49E4B00DD49EE /* FavoritesListVC.swift */; };
		FB53C35724CB0AEC00EBA597 /* UIHelper.swift in Sources */ = {isa = PBXBuildFile; fileRef = FB53C35624CB0AEC00EBA597 /* UIHelper.swift */; };
		FB6672D424B8936E009B5606 /* GFTextField.swift in Sources */ = {isa = PBXBuildFile; fileRef = FB6672D324B8936E009B5606 /* GFTextField.swift */; };
		FB6672D624BA0102009B5606 /* FollowerListVC.swift in Sources */ = {isa = PBXBuildFile; fileRef = FB6672D524BA0102009B5606 /* FollowerListVC.swift */; };
		FB6672D824BB6C3B009B5606 /* GFTitleLabel.swift in Sources */ = {isa = PBXBuildFile; fileRef = FB6672D724BB6C3B009B5606 /* GFTitleLabel.swift */; };
		FB6672DA24BB6F15009B5606 /* GFBodyLabel.swift in Sources */ = {isa = PBXBuildFile; fileRef = FB6672D924BB6F15009B5606 /* GFBodyLabel.swift */; };
		FB6672DC24BB703A009B5606 /* GFAlertVC.swift in Sources */ = {isa = PBXBuildFile; fileRef = FB6672DB24BB703A009B5606 /* GFAlertVC.swift */; };
		FB6A38CC24BB814A0033A1DE /* UIViewController+Ext.swift in Sources */ = {isa = PBXBuildFile; fileRef = FB6A38CB24BB814A0033A1DE /* UIViewController+Ext.swift */; };
		FB8BC48924C1D21200FB89BD /* ErrorMessage.swift in Sources */ = {isa = PBXBuildFile; fileRef = FB8BC48824C1D21200FB89BD /* ErrorMessage.swift */; };
		FB8BC48C24C3652800FB89BD /* FollowerCell.swift in Sources */ = {isa = PBXBuildFile; fileRef = FB8BC48B24C3652800FB89BD /* FollowerCell.swift */; };
		FB8BC48E24C365CE00FB89BD /* GFAvatarImageView.swift in Sources */ = {isa = PBXBuildFile; fileRef = FB8BC48D24C365CE00FB89BD /* GFAvatarImageView.swift */; };
/* End PBXBuildFile section */

/* Begin PBXFileReference section */
		FB31237424BE022900E234DC /* NetworkManager.swift */ = {isa = PBXFileReference; lastKnownFileType = sourcecode.swift; path = NetworkManager.swift; sourceTree = "<group>"; };
		FB43DFC024BCBF6F00936FD4 /* Follower.swift */ = {isa = PBXFileReference; lastKnownFileType = sourcecode.swift; path = Follower.swift; sourceTree = "<group>"; };
		FB43DFC224BCBFAE00936FD4 /* User.swift */ = {isa = PBXFileReference; lastKnownFileType = sourcecode.swift; path = User.swift; sourceTree = "<group>"; };
		FB49E13E24B6256200463B32 /* GFButton.swift */ = {isa = PBXFileReference; lastKnownFileType = sourcecode.swift; path = GFButton.swift; sourceTree = "<group>"; };
		FB49F27D24B3958400DD49EE /* GHFollowers.app */ = {isa = PBXFileReference; explicitFileType = wrapper.application; includeInIndex = 0; path = GHFollowers.app; sourceTree = BUILT_PRODUCTS_DIR; };
		FB49F28024B3958400DD49EE /* AppDelegate.swift */ = {isa = PBXFileReference; lastKnownFileType = sourcecode.swift; path = AppDelegate.swift; sourceTree = "<group>"; };
		FB49F28224B3958400DD49EE /* SceneDelegate.swift */ = {isa = PBXFileReference; lastKnownFileType = sourcecode.swift; path = SceneDelegate.swift; sourceTree = "<group>"; };
		FB49F28924B3958800DD49EE /* Assets.xcassets */ = {isa = PBXFileReference; lastKnownFileType = folder.assetcatalog; path = Assets.xcassets; sourceTree = "<group>"; };
		FB49F28C24B3958800DD49EE /* Base */ = {isa = PBXFileReference; lastKnownFileType = file.storyboard; name = Base; path = Base.lproj/LaunchScreen.storyboard; sourceTree = "<group>"; };
		FB49F28E24B3958800DD49EE /* Info.plist */ = {isa = PBXFileReference; lastKnownFileType = text.plist.xml; path = Info.plist; sourceTree = "<group>"; };
		FB49F29824B49E0B00DD49EE /* SearchVC.swift */ = {isa = PBXFileReference; lastKnownFileType = sourcecode.swift; path = SearchVC.swift; sourceTree = "<group>"; };
		FB49F29A24B49E4B00DD49EE /* FavoritesListVC.swift */ = {isa = PBXFileReference; lastKnownFileType = sourcecode.swift; path = FavoritesListVC.swift; sourceTree = "<group>"; };
		FB53C35624CB0AEC00EBA597 /* UIHelper.swift */ = {isa = PBXFileReference; lastKnownFileType = sourcecode.swift; path = UIHelper.swift; sourceTree = "<group>"; };
		FB6672D324B8936E009B5606 /* GFTextField.swift */ = {isa = PBXFileReference; lastKnownFileType = sourcecode.swift; path = GFTextField.swift; sourceTree = "<group>"; };
		FB6672D524BA0102009B5606 /* FollowerListVC.swift */ = {isa = PBXFileReference; lastKnownFileType = sourcecode.swift; path = FollowerListVC.swift; sourceTree = "<group>"; };
		FB6672D724BB6C3B009B5606 /* GFTitleLabel.swift */ = {isa = PBXFileReference; lastKnownFileType = sourcecode.swift; path = GFTitleLabel.swift; sourceTree = "<group>"; };
		FB6672D924BB6F15009B5606 /* GFBodyLabel.swift */ = {isa = PBXFileReference; lastKnownFileType = sourcecode.swift; path = GFBodyLabel.swift; sourceTree = "<group>"; };
		FB6672DB24BB703A009B5606 /* GFAlertVC.swift */ = {isa = PBXFileReference; lastKnownFileType = sourcecode.swift; path = GFAlertVC.swift; sourceTree = "<group>"; };
		FB6A38CB24BB814A0033A1DE /* UIViewController+Ext.swift */ = {isa = PBXFileReference; lastKnownFileType = sourcecode.swift; path = "UIViewController+Ext.swift"; sourceTree = "<group>"; };
		FB8BC48824C1D21200FB89BD /* ErrorMessage.swift */ = {isa = PBXFileReference; lastKnownFileType = sourcecode.swift; path = ErrorMessage.swift; sourceTree = "<group>"; };
		FB8BC48B24C3652800FB89BD /* FollowerCell.swift */ = {isa = PBXFileReference; lastKnownFileType = sourcecode.swift; path = FollowerCell.swift; sourceTree = "<group>"; };
		FB8BC48D24C365CE00FB89BD /* GFAvatarImageView.swift */ = {isa = PBXFileReference; lastKnownFileType = sourcecode.swift; path = GFAvatarImageView.swift; sourceTree = "<group>"; };
/* End PBXFileReference section */

/* Begin PBXFrameworksBuildPhase section */
		FB49F27A24B3958400DD49EE /* Frameworks */ = {
			isa = PBXFrameworksBuildPhase;
			buildActionMask = 2147483647;
			files = (
			);
			runOnlyForDeploymentPostprocessing = 0;
		};
/* End PBXFrameworksBuildPhase section */

/* Begin PBXGroup section */
		FB31237324BE020C00E234DC /* Managers */ = {
			isa = PBXGroup;
			children = (
				FB31237424BE022900E234DC /* NetworkManager.swift */,
			);
			path = Managers;
			sourceTree = "<group>";
		};
		FB43DFBF24BCBF6200936FD4 /* Modal */ = {
			isa = PBXGroup;
			children = (
				FB43DFC024BCBF6F00936FD4 /* Follower.swift */,
				FB43DFC224BCBFAE00936FD4 /* User.swift */,
			);
			path = Modal;
			sourceTree = "<group>";
		};
		FB49F27424B3958400DD49EE = {
			isa = PBXGroup;
			children = (
				FB49F27F24B3958400DD49EE /* GHFollowers */,
				FB49F27E24B3958400DD49EE /* Products */,
			);
			sourceTree = "<group>";
		};
		FB49F27E24B3958400DD49EE /* Products */ = {
			isa = PBXGroup;
			children = (
				FB49F27D24B3958400DD49EE /* GHFollowers.app */,
			);
			name = Products;
			sourceTree = "<group>";
		};
		FB49F27F24B3958400DD49EE /* GHFollowers */ = {
			isa = PBXGroup;
			children = (
				FB8BC48724C1D1F600FB89BD /* Utilities */,
				FB31237324BE020C00E234DC /* Managers */,
				FB43DFBF24BCBF6200936FD4 /* Modal */,
				FBD266C624BCAEDE00945205 /* Support */,
				FBD266C524BCAEA600945205 /* Extensions */,
				FBD266C424BCAE6F00945205 /* Screens */,
				FBD266C324BCAE0500945205 /* CustomViews */,
				FB49F28E24B3958800DD49EE /* Info.plist */,
			);
			path = GHFollowers;
			sourceTree = "<group>";
		};
		FB8BC48724C1D1F600FB89BD /* Utilities */ = {
			isa = PBXGroup;
			children = (
				FB8BC48824C1D21200FB89BD /* ErrorMessage.swift */,
				FB53C35624CB0AEC00EBA597 /* UIHelper.swift */,
			);
			path = Utilities;
			sourceTree = "<group>";
		};
		FB8BC48A24C3650200FB89BD /* Cells */ = {
			isa = PBXGroup;
			children = (
				FB8BC48B24C3652800FB89BD /* FollowerCell.swift */,
			);
			path = Cells;
			sourceTree = "<group>";
		};
		FBD266C324BCAE0500945205 /* CustomViews */ = {
			isa = PBXGroup;
			children = (
				FB8BC48A24C3650200FB89BD /* Cells */,
				FB6672DB24BB703A009B5606 /* GFAlertVC.swift */,
				FB49E13E24B6256200463B32 /* GFButton.swift */,
				FB6672D324B8936E009B5606 /* GFTextField.swift */,
				FB6672D724BB6C3B009B5606 /* GFTitleLabel.swift */,
				FB6672D924BB6F15009B5606 /* GFBodyLabel.swift */,
				FB8BC48D24C365CE00FB89BD /* GFAvatarImageView.swift */,
			);
			path = CustomViews;
			sourceTree = "<group>";
		};
		FBD266C424BCAE6F00945205 /* Screens */ = {
			isa = PBXGroup;
			children = (
				FB49F29824B49E0B00DD49EE /* SearchVC.swift */,
				FB49F29A24B49E4B00DD49EE /* FavoritesListVC.swift */,
				FB6672D524BA0102009B5606 /* FollowerListVC.swift */,
			);
			path = Screens;
			sourceTree = "<group>";
		};
		FBD266C524BCAEA600945205 /* Extensions */ = {
			isa = PBXGroup;
			children = (
				FB6A38CB24BB814A0033A1DE /* UIViewController+Ext.swift */,
			);
			path = Extensions;
			sourceTree = "<group>";
		};
		FBD266C624BCAEDE00945205 /* Support */ = {
			isa = PBXGroup;
			children = (
				FB49F28024B3958400DD49EE /* AppDelegate.swift */,
				FB49F28224B3958400DD49EE /* SceneDelegate.swift */,
				FB49F28924B3958800DD49EE /* Assets.xcassets */,
				FB49F28B24B3958800DD49EE /* LaunchScreen.storyboard */,
			);
			path = Support;
			sourceTree = "<group>";
		};
/* End PBXGroup section */

/* Begin PBXNativeTarget section */
		FB49F27C24B3958400DD49EE /* GHFollowers */ = {
			isa = PBXNativeTarget;
			buildConfigurationList = FB49F29124B3958800DD49EE /* Build configuration list for PBXNativeTarget "GHFollowers" */;
			buildPhases = (
				FB49F27924B3958400DD49EE /* Sources */,
				FB49F27A24B3958400DD49EE /* Frameworks */,
				FB49F27B24B3958400DD49EE /* Resources */,
			);
			buildRules = (
			);
			dependencies = (
			);
			name = GHFollowers;
			productName = GHFollowers;
			productReference = FB49F27D24B3958400DD49EE /* GHFollowers.app */;
			productType = "com.apple.product-type.application";
		};
/* End PBXNativeTarget section */

/* Begin PBXProject section */
		FB49F27524B3958400DD49EE /* Project object */ = {
			isa = PBXProject;
			attributes = {
				LastSwiftUpdateCheck = 1120;
				LastUpgradeCheck = 1120;
				ORGANIZATIONNAME = "Deniz Cengiz";
				TargetAttributes = {
					FB49F27C24B3958400DD49EE = {
						CreatedOnToolsVersion = 11.2;
					};
				};
			};
			buildConfigurationList = FB49F27824B3958400DD49EE /* Build configuration list for PBXProject "GHFollowers" */;
			compatibilityVersion = "Xcode 9.3";
			developmentRegion = en;
			hasScannedForEncodings = 0;
			knownRegions = (
				en,
				Base,
			);
			mainGroup = FB49F27424B3958400DD49EE;
			productRefGroup = FB49F27E24B3958400DD49EE /* Products */;
			projectDirPath = "";
			projectRoot = "";
			targets = (
				FB49F27C24B3958400DD49EE /* GHFollowers */,
			);
		};
/* End PBXProject section */

/* Begin PBXResourcesBuildPhase section */
		FB49F27B24B3958400DD49EE /* Resources */ = {
			isa = PBXResourcesBuildPhase;
			buildActionMask = 2147483647;
			files = (
				FB49F28D24B3958800DD49EE /* LaunchScreen.storyboard in Resources */,
				FB49F28A24B3958800DD49EE /* Assets.xcassets in Resources */,
			);
			runOnlyForDeploymentPostprocessing = 0;
		};
/* End PBXResourcesBuildPhase section */

/* Begin PBXSourcesBuildPhase section */
		FB49F27924B3958400DD49EE /* Sources */ = {
			isa = PBXSourcesBuildPhase;
			buildActionMask = 2147483647;
			files = (
				FB43DFC324BCBFAE00936FD4 /* User.swift in Sources */,
				FB6672D424B8936E009B5606 /* GFTextField.swift in Sources */,
				FB43DFC124BCBF6F00936FD4 /* Follower.swift in Sources */,
				FB49F29B24B49E4B00DD49EE /* FavoritesListVC.swift in Sources */,
				FB49E13F24B6256200463B32 /* GFButton.swift in Sources */,
				FB53C35724CB0AEC00EBA597 /* UIHelper.swift in Sources */,
				FB8BC48E24C365CE00FB89BD /* GFAvatarImageView.swift in Sources */,
				FB6A38CC24BB814A0033A1DE /* UIViewController+Ext.swift in Sources */,
				FB6672DC24BB703A009B5606 /* GFAlertVC.swift in Sources */,
				FB8BC48C24C3652800FB89BD /* FollowerCell.swift in Sources */,
				FB8BC48924C1D21200FB89BD /* ErrorMessage.swift in Sources */,
				FB49F29924B49E0B00DD49EE /* SearchVC.swift in Sources */,
				FB6672DA24BB6F15009B5606 /* GFBodyLabel.swift in Sources */,
				FB6672D824BB6C3B009B5606 /* GFTitleLabel.swift in Sources */,
				FB31237524BE022900E234DC /* NetworkManager.swift in Sources */,
				FB49F28124B3958400DD49EE /* AppDelegate.swift in Sources */,
				FB49F28324B3958400DD49EE /* SceneDelegate.swift in Sources */,
				FB6672D624BA0102009B5606 /* FollowerListVC.swift in Sources */,
			);
			runOnlyForDeploymentPostprocessing = 0;
		};
/* End PBXSourcesBuildPhase section */

/* Begin PBXVariantGroup section */
		FB49F28B24B3958800DD49EE /* LaunchScreen.storyboard */ = {
			isa = PBXVariantGroup;
			children = (
				FB49F28C24B3958800DD49EE /* Base */,
			);
			name = LaunchScreen.storyboard;
			sourceTree = "<group>";
		};
/* End PBXVariantGroup section */

/* Begin XCBuildConfiguration section */
		FB49F28F24B3958800DD49EE /* Debug */ = {
			isa = XCBuildConfiguration;
			buildSettings = {
				ALWAYS_SEARCH_USER_PATHS = NO;
				CLANG_ANALYZER_NONNULL = YES;
				CLANG_ANALYZER_NUMBER_OBJECT_CONVERSION = YES_AGGRESSIVE;
				CLANG_CXX_LANGUAGE_STANDARD = "gnu++14";
				CLANG_CXX_LIBRARY = "libc++";
				CLANG_ENABLE_MODULES = YES;
				CLANG_ENABLE_OBJC_ARC = YES;
				CLANG_ENABLE_OBJC_WEAK = YES;
				CLANG_WARN_BLOCK_CAPTURE_AUTORELEASING = YES;
				CLANG_WARN_BOOL_CONVERSION = YES;
				CLANG_WARN_COMMA = YES;
				CLANG_WARN_CONSTANT_CONVERSION = YES;
				CLANG_WARN_DEPRECATED_OBJC_IMPLEMENTATIONS = YES;
				CLANG_WARN_DIRECT_OBJC_ISA_USAGE = YES_ERROR;
				CLANG_WARN_DOCUMENTATION_COMMENTS = YES;
				CLANG_WARN_EMPTY_BODY = YES;
				CLANG_WARN_ENUM_CONVERSION = YES;
				CLANG_WARN_INFINITE_RECURSION = YES;
				CLANG_WARN_INT_CONVERSION = YES;
				CLANG_WARN_NON_LITERAL_NULL_CONVERSION = YES;
				CLANG_WARN_OBJC_IMPLICIT_RETAIN_SELF = YES;
				CLANG_WARN_OBJC_LITERAL_CONVERSION = YES;
				CLANG_WARN_OBJC_ROOT_CLASS = YES_ERROR;
				CLANG_WARN_RANGE_LOOP_ANALYSIS = YES;
				CLANG_WARN_STRICT_PROTOTYPES = YES;
				CLANG_WARN_SUSPICIOUS_MOVE = YES;
				CLANG_WARN_UNGUARDED_AVAILABILITY = YES_AGGRESSIVE;
				CLANG_WARN_UNREACHABLE_CODE = YES;
				CLANG_WARN__DUPLICATE_METHOD_MATCH = YES;
				COPY_PHASE_STRIP = NO;
				DEBUG_INFORMATION_FORMAT = dwarf;
				ENABLE_STRICT_OBJC_MSGSEND = YES;
				ENABLE_TESTABILITY = YES;
				GCC_C_LANGUAGE_STANDARD = gnu11;
				GCC_DYNAMIC_NO_PIC = NO;
				GCC_NO_COMMON_BLOCKS = YES;
				GCC_OPTIMIZATION_LEVEL = 0;
				GCC_PREPROCESSOR_DEFINITIONS = (
					"DEBUG=1",
					"$(inherited)",
				);
				GCC_WARN_64_TO_32_BIT_CONVERSION = YES;
				GCC_WARN_ABOUT_RETURN_TYPE = YES_ERROR;
				GCC_WARN_UNDECLARED_SELECTOR = YES;
				GCC_WARN_UNINITIALIZED_AUTOS = YES_AGGRESSIVE;
				GCC_WARN_UNUSED_FUNCTION = YES;
				GCC_WARN_UNUSED_VARIABLE = YES;
				IPHONEOS_DEPLOYMENT_TARGET = 13.2;
				MTL_ENABLE_DEBUG_INFO = INCLUDE_SOURCE;
				MTL_FAST_MATH = YES;
				ONLY_ACTIVE_ARCH = YES;
				SDKROOT = iphoneos;
				SWIFT_ACTIVE_COMPILATION_CONDITIONS = DEBUG;
				SWIFT_OPTIMIZATION_LEVEL = "-Onone";
			};
			name = Debug;
		};
		FB49F29024B3958800DD49EE /* Release */ = {
			isa = XCBuildConfiguration;
			buildSettings = {
				ALWAYS_SEARCH_USER_PATHS = NO;
				CLANG_ANALYZER_NONNULL = YES;
				CLANG_ANALYZER_NUMBER_OBJECT_CONVERSION = YES_AGGRESSIVE;
				CLANG_CXX_LANGUAGE_STANDARD = "gnu++14";
				CLANG_CXX_LIBRARY = "libc++";
				CLANG_ENABLE_MODULES = YES;
				CLANG_ENABLE_OBJC_ARC = YES;
				CLANG_ENABLE_OBJC_WEAK = YES;
				CLANG_WARN_BLOCK_CAPTURE_AUTORELEASING = YES;
				CLANG_WARN_BOOL_CONVERSION = YES;
				CLANG_WARN_COMMA = YES;
				CLANG_WARN_CONSTANT_CONVERSION = YES;
				CLANG_WARN_DEPRECATED_OBJC_IMPLEMENTATIONS = YES;
				CLANG_WARN_DIRECT_OBJC_ISA_USAGE = YES_ERROR;
				CLANG_WARN_DOCUMENTATION_COMMENTS = YES;
				CLANG_WARN_EMPTY_BODY = YES;
				CLANG_WARN_ENUM_CONVERSION = YES;
				CLANG_WARN_INFINITE_RECURSION = YES;
				CLANG_WARN_INT_CONVERSION = YES;
				CLANG_WARN_NON_LITERAL_NULL_CONVERSION = YES;
				CLANG_WARN_OBJC_IMPLICIT_RETAIN_SELF = YES;
				CLANG_WARN_OBJC_LITERAL_CONVERSION = YES;
				CLANG_WARN_OBJC_ROOT_CLASS = YES_ERROR;
				CLANG_WARN_RANGE_LOOP_ANALYSIS = YES;
				CLANG_WARN_STRICT_PROTOTYPES = YES;
				CLANG_WARN_SUSPICIOUS_MOVE = YES;
				CLANG_WARN_UNGUARDED_AVAILABILITY = YES_AGGRESSIVE;
				CLANG_WARN_UNREACHABLE_CODE = YES;
				CLANG_WARN__DUPLICATE_METHOD_MATCH = YES;
				COPY_PHASE_STRIP = NO;
				DEBUG_INFORMATION_FORMAT = "dwarf-with-dsym";
				ENABLE_NS_ASSERTIONS = NO;
				ENABLE_STRICT_OBJC_MSGSEND = YES;
				GCC_C_LANGUAGE_STANDARD = gnu11;
				GCC_NO_COMMON_BLOCKS = YES;
				GCC_WARN_64_TO_32_BIT_CONVERSION = YES;
				GCC_WARN_ABOUT_RETURN_TYPE = YES_ERROR;
				GCC_WARN_UNDECLARED_SELECTOR = YES;
				GCC_WARN_UNINITIALIZED_AUTOS = YES_AGGRESSIVE;
				GCC_WARN_UNUSED_FUNCTION = YES;
				GCC_WARN_UNUSED_VARIABLE = YES;
				IPHONEOS_DEPLOYMENT_TARGET = 13.2;
				MTL_ENABLE_DEBUG_INFO = NO;
				MTL_FAST_MATH = YES;
				SDKROOT = iphoneos;
				SWIFT_COMPILATION_MODE = wholemodule;
				SWIFT_OPTIMIZATION_LEVEL = "-O";
				VALIDATE_PRODUCT = YES;
			};
			name = Release;
		};
		FB49F29224B3958800DD49EE /* Debug */ = {
			isa = XCBuildConfiguration;
			buildSettings = {
				ASSETCATALOG_COMPILER_APPICON_NAME = AppIcon;
				CODE_SIGN_STYLE = Automatic;
				INFOPLIST_FILE = GHFollowers/Info.plist;
				LD_RUNPATH_SEARCH_PATHS = (
					"$(inherited)",
					"@executable_path/Frameworks",
				);
				PRODUCT_BUNDLE_IDENTIFIER = com.denizcengiz.GHFollowers;
				PRODUCT_NAME = "$(TARGET_NAME)";
				SWIFT_VERSION = 5.0;
				TARGETED_DEVICE_FAMILY = 1;
			};
			name = Debug;
		};
		FB49F29324B3958800DD49EE /* Release */ = {
			isa = XCBuildConfiguration;
			buildSettings = {
				ASSETCATALOG_COMPILER_APPICON_NAME = AppIcon;
				CODE_SIGN_STYLE = Automatic;
				INFOPLIST_FILE = GHFollowers/Info.plist;
				LD_RUNPATH_SEARCH_PATHS = (
					"$(inherited)",
					"@executable_path/Frameworks",
				);
				PRODUCT_BUNDLE_IDENTIFIER = com.denizcengiz.GHFollowers;
				PRODUCT_NAME = "$(TARGET_NAME)";
				SWIFT_VERSION = 5.0;
				TARGETED_DEVICE_FAMILY = 1;
			};
			name = Release;
		};
/* End XCBuildConfiguration section */

/* Begin XCConfigurationList section */
		FB49F27824B3958400DD49EE /* Build configuration list for PBXProject "GHFollowers" */ = {
			isa = XCConfigurationList;
			buildConfigurations = (
				FB49F28F24B3958800DD49EE /* Debug */,
				FB49F29024B3958800DD49EE /* Release */,
			);
			defaultConfigurationIsVisible = 0;
			defaultConfigurationName = Release;
		};
		FB49F29124B3958800DD49EE /* Build configuration list for PBXNativeTarget "GHFollowers" */ = {
			isa = XCConfigurationList;
			buildConfigurations = (
				FB49F29224B3958800DD49EE /* Debug */,
				FB49F29324B3958800DD49EE /* Release */,
			);
			defaultConfigurationIsVisible = 0;
			defaultConfigurationName = Release;
		};
/* End XCConfigurationList section */
	};
	rootObject = FB49F27524B3958400DD49EE /* Project object */;
}
